{
  "version": "5",
  "specifiers": {
    "jsr:@hono/hono@^4.10.6": "4.10.6",
    "jsr:@hono/hono@^4.8.3": "4.10.6",
    "jsr:@hono/swagger-ui@0.5": "0.5.2",
    "jsr:@std/assert@1": "1.0.16",
    "jsr:@std/internal@^1.0.12": "1.0.12",
    "jsr:@std/path@^1.1.3": "1.1.3",
    "npm:@duckdb/node-api@^1.4.2-r.1": "1.4.2-r.1",
    "npm:papaparse@^5.5.3": "5.5.3"
  },
  "jsr": {
    "@hono/hono@4.10.6": {
      "integrity": "bcbbf9753a3570f2fa4609484bae0cead85a3feb110ee9ceb7ffc37d845d9a4d"
    },
    "@hono/swagger-ui@0.5.2": {
      "integrity": "baab37808fbfe909efd5485456afcf1eb503b92e4a1bd2d2b118cb02cd856bd7",
      "dependencies": [
        "jsr:@hono/hono@^4.8.3"
      ]
    },
    "@std/assert@1.0.16": {
      "integrity": "6a7272ed1eaa77defe76e5ff63ca705d9c495077e2d5fd0126d2b53fc5bd6532",
      "dependencies": [
        "jsr:@std/internal"
      ]
    },
    "@std/internal@1.0.12": {
      "integrity": "972a634fd5bc34b242024402972cd5143eac68d8dffaca5eaa4dba30ce17b027"
    },
    "@std/path@1.1.3": {
      "integrity": "b015962d82a5e6daea980c32b82d2c40142149639968549c649031a230b1afb3",
      "dependencies": [
        "jsr:@std/internal"
      ]
    }
  },
  "npm": {
    "@duckdb/node-api@1.4.2-r.1": {
      "integrity": "sha512-8Ef4R/Lq+rXTpcqZIJZe6ALfgMGxy88HmiPvRpWrRw1fUTy85x1U0NnGrqCklZsmWyZUdPwVYj90MQOF2MY/TA==",
      "dependencies": [
        "@duckdb/node-bindings"
      ]
    },
    "@duckdb/node-bindings-darwin-arm64@1.4.2-r.1": {
      "integrity": "sha512-C4yBI3zBX7iZ9iq8zJDvPatXA+2xM22sg1kX3fx76nG+qTqKtU/dGFVYL7Fx6cBYxBO1ZZ8Y+vjgYb6/bich8A==",
      "os": ["darwin"],
      "cpu": ["arm64"]
    },
    "@duckdb/node-bindings-darwin-x64@1.4.2-r.1": {
      "integrity": "sha512-dgTSBuEfWyhymYovsGoRESjqcJuZWwJqla9l89SSsBDrGYcUp+EHsXUF73oUCspzTesT2lOvHrDufO8pKgtudw==",
      "os": ["darwin"],
      "cpu": ["x64"]
    },
    "@duckdb/node-bindings-linux-arm64@1.4.2-r.1": {
      "integrity": "sha512-r2Ml1LvU2vkVMx4YU04T79FjGkYg8YMVtbOz7j740SZGIi5Cch5P1/oy48jJBWRqoaXuqimpYWeTZiGVeCQiZA==",
      "os": ["linux"],
      "cpu": ["arm64"]
    },
    "@duckdb/node-bindings-linux-x64@1.4.2-r.1": {
      "integrity": "sha512-ed5KiNIu1rqSva5rgo4PRVYSmBolAMVqGFWsYWLoRZ94ka2F/dHwJNkarCTmBFCEDGVZWzWzjRyWTQgYTvQxTg==",
      "os": ["linux"],
      "cpu": ["x64"]
    },
    "@duckdb/node-bindings-win32-x64@1.4.2-r.1": {
      "integrity": "sha512-kIIT8tuoW3mzr9EPcdSoKfv9CgOhTqRryHDI10Z0nuhc9UhqOWPUM/LnSUebfo1mdD9Drm7YrKCKYxNTr5dqBQ==",
      "os": ["win32"],
      "cpu": ["x64"]
    },
    "@duckdb/node-bindings@1.4.2-r.1": {
      "integrity": "sha512-z0pJCdEnIj0Famkip6w7JZ/A17nm5VcYc6H7isOHXfEnPhBQ9PBusUTFgIzl6+3J8HOFQOv0szJq46zldbsHfQ==",
      "optionalDependencies": [
        "@duckdb/node-bindings-darwin-arm64",
        "@duckdb/node-bindings-darwin-x64",
        "@duckdb/node-bindings-linux-arm64",
        "@duckdb/node-bindings-linux-x64",
        "@duckdb/node-bindings-win32-x64"
      ]
    },
    "papaparse@5.5.3": {
      "integrity": "sha512-5QvjGxYVjxO59MGU2lHVYpRWBBtKHnlIAcSe1uNFCkkptUh63NFRj0FJQm7nR67puEruUci/ZkjmEFrjCAyP4A=="
    }
  },
  "workspace": {
    "dependencies": [
      "jsr:@hono/hono@^4.10.6",
      "jsr:@hono/swagger-ui@0.5",
      "jsr:@std/assert@1",
      "jsr:@std/path@^1.1.3",
      "npm:@duckdb/node-api@^1.4.2-r.1",
      "npm:papaparse@^5.5.3"
    ]
  }
}
