{
  "version": "5",
  "specifiers": {
    "jsr:@hono/hono@^4.10.6": "4.10.6",
    "npm:papaparse@^5.5.3": "5.5.3"
  },
  "jsr": {
    "@hono/hono@4.10.6": {
      "integrity": "bcbbf9753a3570f2fa4609484bae0cead85a3feb110ee9ceb7ffc37d845d9a4d"
    }
  },
  "npm": {
    "papaparse@5.5.3": {
      "integrity": "sha512-5QvjGxYVjxO59MGU2lHVYpRWBBtKHnlIAcSe1uNFCkkptUh63NFRj0FJQm7nR67puEruUci/ZkjmEFrjCAyP4A=="
    }
  },
  "workspace": {
    "dependencies": [
      "jsr:@hono/hono@^4.10.6",
      "npm:papaparse@^5.5.3"
    ]
  }
}
